
Microsoft Visual Studio Solution File, Format Version 12.00
# Visual Studio Version 17
VisualStudioVersion = 17.9.34622.214
MinimumVisualStudioVersion = 10.0.40219.1
Project("{8BC9CEB8-8B4A-11D0-8D11-00A0C91BC942}") = "encryptio", "encryptio\encryptio.vcxproj", "{D4B3EC3E-0EAD-4B8A-8E05-5E4725EA31BF}"
EndProject
Global
	GlobalSection(SolutionConfigurationPlatforms) = preSolution
		Debug|x64 = Debug|x64
		Debug|x86 = Debug|x86
		Release|x64 = Release|x64
		Release|x86 = Release|x86
	EndGlobalSection
	GlobalSection(ProjectConfigurationPlatforms) = postSolution
		{D4B3EC3E-0EAD-4B8A-8E05-5E4725EA31BF}.Debug|x64.ActiveCfg = Debug|x64
		{D4B3EC3E-0EAD-4B8A-8E05-5E4725EA31BF}.Debug|x64.Build.0 = Debug|x64
		{D4B3EC3E-0EAD-4B8A-8E05-5E4725EA31BF}.Debug|x86.ActiveCfg = Debug|Win32
		{D4B3EC3E-0EAD-4B8A-8E05-5E4725EA31BF}.Debug|x86.Build.0 = Debug|Win32
		{D4B3EC3E-0EAD-4B8A-8E05-5E4725EA31BF}.Release|x64.ActiveCfg = Release|x64
		{D4B3EC3E-0EAD-4B8A-8E05-5E4725EA31BF}.Release|x64.Build.0 = Release|x64
		{D4B3EC3E-0EAD-4B8A-8E05-5E4725EA31BF}.Release|x86.ActiveCfg = Release|Win32
		{D4B3EC3E-0EAD-4B8A-8E05-5E4725EA31BF}.Release|x86.Build.0 = Release|Win32
	EndGlobalSection
	GlobalSection(SolutionProperties) = preSolution
		HideSolutionNode = FALSE
	EndGlobalSection
	GlobalSection(ExtensibilityGlobals) = postSolution
		SolutionGuid = {E1DFCA8C-CBD0-4F15-AC80-65ECA8CAAC82}
	EndGlobalSection
EndGlobal
